
Microsoft Visual Studio Solution File, Format Version 12.00
# Visual Studio 15
Project("{FAE04EC0-301F-11D3-BF4B-00C04F79EFBC}") = "SpaceGraphicsToolkit", "SpaceGraphicsToolkit.csproj", "{74C33970-8126-68DA-A55C-E542DB30DEE8}"
EndProject
Project("{FAE04EC0-301F-11D3-BF4B-00C04F79EFBC}") = "Assembly-CSharp", "Assembly-CSharp.csproj", "{B763241F-1B7D-579F-43D6-6CBB408A113C}"
EndProject
Global
	GlobalSection(SolutionConfigurationPlatforms) = preSolution
		Debug|Any CPU = Debug|Any CPU
		Release|Any CPU = Release|Any CPU
	EndGlobalSection
	GlobalSection(ProjectConfigurationPlatforms) = postSolution
		{74C33970-8126-68DA-A55C-E542DB30DEE8}.Debug|Any CPU.ActiveCfg = Debug|Any CPU
		{74C33970-8126-68DA-A55C-E542DB30DEE8}.Debug|Any CPU.Build.0 = Debug|Any CPU
		{74C33970-8126-68DA-A55C-E542DB30DEE8}.Release|Any CPU.ActiveCfg = Release|Any CPU
		{74C33970-8126-68DA-A55C-E542DB30DEE8}.Release|Any CPU.Build.0 = Release|Any CPU
		{B763241F-1B7D-579F-43D6-6CBB408A113C}.Debug|Any CPU.ActiveCfg = Debug|Any CPU
		{B763241F-1B7D-579F-43D6-6CBB408A113C}.Debug|Any CPU.Build.0 = Debug|Any CPU
		{B763241F-1B7D-579F-43D6-6CBB408A113C}.Release|Any CPU.ActiveCfg = Release|Any CPU
		{B763241F-1B7D-579F-43D6-6CBB408A113C}.Release|Any CPU.Build.0 = Release|Any CPU
	EndGlobalSection
	GlobalSection(SolutionProperties) = preSolution
		HideSolutionNode = FALSE
	EndGlobalSection
EndGlobal
